[[package]]
category = "main"
description = "Disable App Nap on OS X 10.9"
name = "appnope"
optional = false
platform = "UNKNOWN"
python-versions = "*"
version = "0.1.0"

[package.requirements]
platform = "darwin"

[[package]]
category = "main"
description = "Better dates and times for Python"
name = "arrow"
optional = false
platform = "*"
python-versions = "*"
version = "0.12.1"

[package.dependencies]
python-dateutil = "*"

[[package]]
category = "main"
description = "Specifications for callback functions passed in to an API"
name = "backcall"
optional = false
platform = "UNKNOWN"
python-versions = "*"
version = "0.1.0"

[[package]]
category = "main"
description = "Screen-scraping library"
name = "beautifulsoup4"
optional = false
platform = "*"
python-versions = "*"
version = "4.6.3"

[[package]]
category = "main"
description = "A thin, practical wrapper around terminal styling, screen positioning, and keyboard input."
name = "blessed"
optional = false
platform = "*"
python-versions = "*"
version = "1.15.0"

[package.dependencies]
six = ">=1.9.0"
wcwidth = ">=0.1.4"

[[package]]
category = "main"
description = "Python package for providing Mozilla's CA Bundle."
name = "certifi"
optional = false
platform = "*"
python-versions = "*"
version = "2018.8.13"

[[package]]
category = "main"
description = "Universal encoding detector for Python 2 and 3"
name = "chardet"
optional = false
platform = "*"
python-versions = "*"
version = "3.0.4"

[[package]]
category = "main"
description = "Cross-platform colored terminal text."
name = "colorama"
optional = false
platform = "UNKNOWN"
python-versions = "*"
version = "0.3.9"

[package.requirements]
platform = "win32"

[[package]]
category = "main"
description = "Better living through Python with decorators"
name = "decorator"
optional = false
platform = "All"
python-versions = "*"
version = "4.3.0"

[[package]]
category = "main"
description = "A high-level Python Web framework that encourages rapid development and clean, pragmatic design."
name = "django"
optional = false
platform = "*"
python-versions = ">=3.5"
version = "2.1"

[package.dependencies]
pytz = "*"

[[package]]
category = "main"
description = "Extensions for Django"
name = "django-extensions"
optional = false
platform = "any"
python-versions = "*"
version = "2.1.0"

[package.dependencies]
six = ">=1.2"

[[package]]
category = "main"
description = "Django-filter is a reusable Django application for allowing users to filter querysets dynamically."
name = "django-filter"
optional = false
platform = "*"
python-versions = "*"
version = "2.0.0"

[package.dependencies]
Django = ">=1.11"

[[package]]
category = "main"
description = "script tag with additional attributes for django.forms.Media"
name = "django-js-asset"
optional = false
platform = "OS Independent"
python-versions = "*"
version = "1.1.0"

[[package]]
category = "main"
description = "Utilities for implementing Modified Preorder Tree Traversal with your Django Models and working with trees of Model instances."
name = "django-mptt"
optional = false
platform = "*"
python-versions = ">=2.7, !=3.0.*, !=3.1.*, !=3.2.*, !=3.3.*"
version = "0.9.1"

[package.dependencies]
Django = ">=1.11"
django-js-asset = "*"

[[package]]
category = "main"
description = "Pickled object field for Django"
name = "django-picklefield"
optional = false
platform = "*"
python-versions = "*"
version = "1.0.0"

[[package]]
category = "main"
description = "A multiprocessing distributed task queue for Django"
name = "django-q"
optional = false
platform = "*"
python-versions = "*"
version = "0.9.4"

[package.dependencies]
arrow = "*"
blessed = "*"
django = ">=1.8"
django-picklefield = "*"

[[package]]
category = "main"
description = "Web APIs for Django, made easy."
name = "djangorestframework"
optional = false
platform = "*"
python-versions = ">=2.7, !=3.0.*, !=3.1.*, !=3.2.*, !=3.3.*"
version = "3.8.2"

[[package]]
category = "main"
description = "Geographic add-ons for Django Rest Framework"
name = "djangorestframework-gis"
optional = false
platform = "Platform Indipendent"
python-versions = "*"
version = "0.13"

[package.dependencies]
djangorestframework = ">=3.3,<3.9"
six = "*"

[[package]]
category = "main"
description = "JSONP support for Django REST Framework"
name = "djangorestframework-jsonp"
optional = false
platform = "UNKNOWN"
python-versions = "*"
version = "1.0.2"

[[package]]
category = "main"
description = "Internationalized Domain Names in Applications (IDNA)"
name = "idna"
optional = false
platform = "*"
python-versions = "*"
version = "2.7"

[[package]]
category = "main"
description = "IPython: Productive Interactive Computing"
name = "ipython"
optional = false
platform = "Linux"
python-versions = ">=3.3"
version = "6.5.0"

[package.dependencies]
backcall = "*"
decorator = "*"
jedi = ">=0.10"
pickleshare = "*"
prompt-toolkit = ">=1.0.15,<2.0.0"
pygments = "*"
setuptools = ">=18.5"
simplegeneric = ">0.8"
traitlets = ">=4.2"

[package.dependencies.appnope]
platform = "darwin"
version = "*"

[package.dependencies.colorama]
platform = "win32"
version = "*"

[package.dependencies.pexpect]
platform = "!=win32"
version = "*"

[[package]]
category = "main"
description = "Vestigial utilities from IPython"
name = "ipython-genutils"
optional = false
platform = "Linux"
python-versions = "*"
version = "0.2.0"

[[package]]
category = "main"
description = "An autocompletion tool for Python that can be used for text editors."
name = "jedi"
optional = false
platform = "any"
python-versions = ">=2.7, !=3.0.*, !=3.1.*, !=3.2.*"
version = "0.12.1"

[package.dependencies]
parso = ">=0.3.0"

[[package]]
category = "main"
description = "A Python Parser"
name = "parso"
optional = false
platform = "any"
python-versions = "*"
version = "0.3.1"

[[package]]
category = "main"
description = "Python datetimes made easy"
name = "pendulum"
optional = false
platform = "*"
python-versions = ">=2.7, !=3.0.*, !=3.1.*, !=3.2.*, !=3.3.*"
version = "2.0.3"

[package.dependencies]
python-dateutil = ">=2.6,<3.0"
pytzdata = ">=2018.3"

[[package]]
category = "main"
description = "Pexpect allows easy control of interactive console applications."
name = "pexpect"
optional = false
platform = "UNIX"
python-versions = "*"
version = "4.6.0"

[package.dependencies]
ptyprocess = ">=0.5"

[package.requirements]
platform = "!=win32"

[[package]]
category = "main"
description = "Tiny 'shelve'-like database with concurrency support"
name = "pickleshare"
optional = false
platform = "*"
python-versions = "*"
version = "0.7.4"

[[package]]
category = "main"
description = "Library for building powerful interactive command lines in Python"
name = "prompt-toolkit"
optional = false
platform = "*"
python-versions = "*"
version = "1.0.15"

[package.dependencies]
six = ">=1.9.0"
wcwidth = "*"

[[package]]
category = "main"
description = "Run a subprocess in a pseudo terminal"
name = "ptyprocess"
optional = false
platform = "*"
python-versions = "*"
version = "0.6.0"

[package.requirements]
platform = "!=win32"

[[package]]
category = "main"
description = "Pygments is a syntax highlighting package written in Python."
name = "pygments"
optional = false
platform = "any"
python-versions = "*"
version = "2.2.0"

[[package]]
category = "main"
description = "Extensions to the standard Python datetime module"
name = "python-dateutil"
optional = false
platform = "*"
python-versions = ">=2.7, !=3.0.*, !=3.1.*, !=3.2.*"
version = "2.7.3"

[package.dependencies]
six = ">=1.5"

[[package]]
category = "main"
description = "World timezone definitions, modern and historical"
name = "pytz"
optional = false
platform = "Independent"
python-versions = "*"
version = "2018.5"

[[package]]
category = "main"
description = "Official timezone database for Python."
name = "pytzdata"
optional = false
platform = "*"
python-versions = ">=2.7, !=3.0.*, !=3.1.*, !=3.2.*, !=3.3.*"
version = "2018.5"

[[package]]
category = "main"
description = "Python HTTP for Humans."
name = "requests"
optional = false
platform = "*"
python-versions = ">=2.6, !=3.0.*, !=3.1.*, !=3.2.*, !=3.3.*"
version = "2.19.1"

[package.dependencies]
certifi = ">=2017.4.17"
chardet = ">=3.0.2,<3.1.0"
idna = ">=2.5,<2.8"
urllib3 = ">=1.21.1,<1.24"

[[package]]
category = "main"
description = "Simple generic functions (similar to Python's own len(), pickle.dump(), etc.)"
name = "simplegeneric"
optional = false
platform = "UNKNOWN"
python-versions = "*"
version = "0.8.1"

[[package]]
category = "main"
description = "Python 2 and 3 compatibility utilities"
name = "six"
optional = false
platform = "*"
python-versions = "*"
version = "1.11.0"

[[package]]
category = "main"
description = "Traitlets Python config system"
name = "traitlets"
optional = false
platform = "Linux,Mac OS X,Windows"
python-versions = "*"
version = "4.3.2"

[package.dependencies]
decorator = "*"
ipython-genutils = "*"
six = "*"

[[package]]
category = "main"
description = "HTTP library with thread-safe connection pooling, file post, and more."
name = "urllib3"
optional = false
platform = "*"
python-versions = ">=2.6, !=3.0.*, !=3.1.*, !=3.2.*, !=3.3.*, <4"
version = "1.23"

[[package]]
category = "main"
description = "Measures number of Terminal column cells of wide-character codes"
name = "wcwidth"
optional = false
platform = "UNKNOWN"
python-versions = "*"
version = "0.1.7"

[metadata]
content-hash = "62bcbe5702acc0769124cca77024f0bef7171187b738aed82a8873ab2b36de52"
platform = "*"
python-versions = "3.6"

[metadata.hashes]
appnope = ["5b26757dc6f79a3b7dc9fab95359328d5747fcb2409d331ea66d0272b90ab2a0", "8b995ffe925347a2138d7ac0fe77155e4311a0ea6d6da4f5128fe4b3cbe5ed71"]
arrow = ["a558d3b7b6ce7ffc74206a86c147052de23d3d4ef0e17c210dd478c53575c4cd"]
backcall = ["38ecd85be2c1e78f77fd91700c76e14667dc21e2713b63876c0eb901196e01e4", "bbbf4b1e5cd2bdb08f915895b51081c041bac22394fdfcfdfbe9f14b77c08bf2"]
beautifulsoup4 = ["194ec62a25438adcb3fdb06378b26559eda1ea8a747367d34c33cef9c7f48d57", "90f8e61121d6ae58362ce3bed8cd997efb00c914eae0ff3d363c32f9a9822d10", "f0abd31228055d698bb392a826528ea08ebb9959e6bea17c606fd9c9009db938"]
blessed = ["777b0b6b5ce51f3832e498c22bc6a093b6b5f99148c7cbf866d26e2dec51ef21", "9a0a98c7070b016341ae0300415deeda930a340ef7961d9b920a5cb200a601e2"]
certifi = ["4c1d68a1408dd090d2f3a869aa94c3947cc1d967821d1ed303208c9f41f0f2f4", "b6e8b28b2b7e771a41ecdd12d4d43262ecab52adebbafa42c77d6b57fb6ad3a4"]
chardet = ["84ab92ed1c4d4f16916e05906b6b75a6c0fb5db821cc65e70cbd64a3e2a5eaae", "fc323ffcaeaed0e0a02bf4d117757b98aed530d9ed4531e3e15460124c106691"]
colorama = ["463f8483208e921368c9f306094eb6f725c6ca42b0f97e313cb5d5512459feda", "48eb22f4f8461b1df5734a074b57042430fb06e1d61bd1e11b078c0fe6d7a1f1"]
decorator = ["2c51dff8ef3c447388fe5e4453d24a2bf128d3a4c32af3fabef1f01c6851ab82", "c39efa13fbdeb4506c476c9b3babf6a718da943dab7811c206005a4a956c080c"]
django = ["7f246078d5a546f63c28fc03ce71f4d7a23677ce42109219c24c9ffb28416137", "ea50d85709708621d956187c6b61d9f9ce155007b496dd914fdb35db8d790aec"]
django-extensions = ["c3c8524056ab1174c6fc769b0599e60f7e7797ce34f38db2effc48885a0a982c", "e279344c6d825adb27694755aa924702d3cc401f8fad5ad9ef2d577948778a5f"]
django-filter = ["6f4e4bc1a11151178520567b50320e5c32f8edb552139d93ea3e30613b886f56", "86c3925020c27d072cdae7b828aaa5d165c2032a629abbe3c3a1be1edae61c58"]
django-js-asset = ["30149158206f693a5d027fe590096fc84495486bd11cd77d395b4f2ec27fc1d0", "a395d8d19eb201ea8d2bd4f145b38f1717cd74c0f609f040141d8724c5a27f36"]
django-mptt = ["18a41d1b56ca7c02a5b04d246e33ee2d18f6ee5459c02ed1d945f5abdef23a2e", "689a04cce0981671d6061a9928c33a16b47abb0d4cd43cf7dec31ae284fdae9d"]
django-picklefield = ["57e4349c7f75eab08fe7ceb11e7135644fdf771e2777a754db4f07e5c63c191f", "61e3ba7f6df82d8df9e6be3a8c55ef589eb3bf926c3d25d2b7949b07eae78354"]
django-q = ["0a7ddc487f21ae1cae05ab0dba973c90fbf72673eb36979bbcdb36beb2a079ef", "1c2db53da57d114f4766bad86893eb26e56a065a8fe8486ecadf1758e36c81e0"]
djangorestframework = ["b6714c3e4b0f8d524f193c91ecf5f5450092c2145439ac2769711f7eba89a9d9", "c375e4f95a3a64fccac412e36fb42ba36881e52313ec021ef410b40f67cddca4"]
djangorestframework-gis = ["018200f8ac8e4babd04001e86ce8df5ad86057d1e7438558b7c9ce24b532ea20", "94901389f32f0b8cdd1133e581f81c745c903449a08c2ddff0fcb2645cca846c"]
djangorestframework-jsonp = ["053c8dc58ff5c2f931834d6ec6568c308474912db2129af47c0683506e01b597", "fff4584e1a08f3c92f220eefb6f25907a54cc8fe39214ae058c572530f5c9277"]
idna = ["156a6814fb5ac1fc6850fb002e0852d56c0c8d2531923a51032d1b70760e186e", "684a38a6f903c1d71d6d5fac066b58d7768af4de2b832e426ec79c30daa94a16"]
ipython = ["007dcd929c14631f83daff35df0147ea51d1af420da303fd078343878bd5fb62", "b0f2ef9eada4a68ef63ee10b6dde4f35c840035c50fd24265f8052c98947d5a4"]
ipython-genutils = ["72dd37233799e619666c9f639a9da83c34013a73e8bbc79a7a6348d93c61fab8", "eb2e116e75ecef9d4d228fdc66af54269afa26ab4463042e33785b887c628ba8"]
jedi = ["b409ed0f6913a701ed474a614a3bb46e6953639033e31f769ca7581da5bd1ec1", "c254b135fb39ad76e78d4d8f92765ebc9bf92cbc76f49e97ade1d5f5121e1f6f"]
parso = ["35704a43a3c113cce4de228ddb39aab374b8004f4f2407d070b6a2ca784ce8a2", "895c63e93b94ac1e1690f5fdd40b65f07c8171e3e53cbd7793b5b96c0e0a7f24"]
pendulum = ["0ec5371949e147753661e1e98721273170638034dfceb578f29d69d93d3d474b", "10ccdc8c6d004ba97883dd0f57503963ddf6cb83e849a16c4675ba18da657564", "37bb54bcbb9d7fccd725f3fda69702e51ab3de9971b4c1c986505fbb3bc58bed", "51803352e40778f914ff7af3494788b404260b415d9a9d607a8cf73e5e120994", "5de295ca85761d9adf4020e6f3bed6eb933846ccf23b74e04b071f6d677f11a4", "73f850265adcf0986fcc0af83ae9c8c5a7ca3c4a2525184110478a8bfd1a77b3", "8fe289356322f6b0f4510082b4c412a1496a64054a37ae86b24411868a1901c6", "c0401482dfa9fbd7005f2dfbf54ec61fd2c8130df37651ac2a3722d1f049ae4e", "c358ee65ddb99c2b1bf301458e43ed09ff6d40465bcc9928265246912fad4d0f", "d07962450e808556b3e6209a5830e2bbf8c7747129580c3b5b09e641f72617ab", "dc05e6186c9c3b9969326aded9cba7a796744918581b25457f5148a5e3475d55", "ee9466eea403e8e308c284d3055e285b97905a5ffb1566df0ef200b4f39c0f15", "f7fa6220251a636112721e8158b9dd59018d818ec121047900934d80864eca62"]
pexpect = ["2a8e88259839571d1251d278476f3eec5db26deb73a70be5ed5dc5435e418aba", "3fbd41d4caf27fa4a377bfd16fef87271099463e6fa73e92a52f92dfee5d425b"]
pickleshare = ["84a9257227dfdd6fe1b4be1319096c20eb85ff1e82c7932f36efccfe1b09737b", "c9a2541f25aeabc070f12f452e1f2a8eae2abd51e1cd19e8430402bdf4c1d8b5"]
prompt-toolkit = ["1df952620eccb399c53ebb359cc7d9a8d3a9538cb34c5a1344bdbeb29fbcc381", "3f473ae040ddaa52b52f97f6b4a493cfa9f5920c255a12dc56a7d34397a398a4", "858588f1983ca497f1cf4ffde01d978a3ea02b01c8a26a8bbc5cd2e66d816917"]
ptyprocess = ["923f299cc5ad920c68f2bc0bc98b75b9f838b93b599941a6b63ddbc2476394c0", "d7cc528d76e76342423ca640335bd3633420dc1366f258cb31d05e865ef5ca1f"]
pygments = ["78f3f434bcc5d6ee09020f92ba487f95ba50f1e3ef83ae96b9d5ffa1bab25c5d", "dbae1046def0efb574852fab9e90209b23f556367b5a320c0bcb871c77c3e8cc"]
python-dateutil = ["1adb80e7a782c12e52ef9a8182bebeb73f1d7e24e374397af06fb4956c8dc5c0", "e27001de32f627c22380a688bcc43ce83504a7bc5da472209b4c70f02829f0b8"]
pytz = ["a061aa0a9e06881eb8b3b2b43f05b9439d6583c206d0a6c340ff72a7b6669053", "ffb9ef1de172603304d9d2819af6f5ece76f2e85ec10692a524dd876e72bf277"]
pytzdata = ["1d936da41ee06216d89fdc7ead1ee9a5da2811a8787515a976b646e110c3f622", "e4ef42e82b0b493c5849eed98b5ab49d6767caf982127e9a33167f1153b36cc5"]
requests = ["63b52e3c866428a224f97cab011de738c36aec0185aa91cfacd418b5d58911d1", "ec22d826a36ed72a7358ff3fe56cbd4ba69dd7a6718ffd450ff0e9df7a47ce6a"]
simplegeneric = ["dc972e06094b9af5b855b3df4a646395e43d1c9d0d39ed345b7393560d0b9173"]
six = ["70e8a77beed4562e7f14fe23a786b54f6296e34344c23bc42f07b15018ff98e9", "832dc0e10feb1aa2c68dcc57dbb658f1c7e65b9b61af69048abc87a2db00a0eb"]
traitlets = ["9c4bd2d267b7153df9152698efb1050a5d84982d3384a37b2c1f7723ba3e7835", "c6cb5e6f57c5a9bdaa40fa71ce7b4af30298fbab9ece9815b5d995ab6217c7d9"]
urllib3 = ["a68ac5e15e76e7e5dd2b8f94007233e01effe3e50e8daddf69acfd81cb686baf", "b5725a0bd4ba422ab0e66e89e030c806576753ea3ee08554382c14e685d117b5"]
wcwidth = ["3df37372226d6e63e1b1e1eda15c594bca98a22d33a23832a90998faa96bc65e", "f4ebe71925af7b40a864553f761ed559b43544f8f71746c2d756c7fe788ade7c"]
